{
  "name": "kiwi-ui",
  "version": "0.0.0",
  "lockfileVersion": 1,
  "requires": true,
  "dependencies": {
    "@kiwicom/icons": {
      "version": "0.0.1-rc2",
      "resolved": "https://registry.npmjs.org/@kiwicom/icons/-/icons-0.0.1-rc2.tgz",
      "integrity": "sha512-fg5jzUN6Dw+/LR1H0PWJXk6czortc4I9xl7eUKX/2YX0ps916PB/tixT93F+d6n9mQkftUVQfEnAcvM2Ogmlgw==",
      "dev": true
    }
  }
}
